
Microsoft Visual Studio Solution File, Format Version 12.00
# Visual Studio 15
VisualStudioVersion = 15.0.26124.0
MinimumVisualStudioVersion = 15.0.26124.0
Project("{2150E333-8FDC-42A3-9474-1A3956D46DE8}") = "src", "src", "{041609DC-995A-4A43-85B3-FADDC04F2806}"
EndProject
Project("{FAE04EC0-301F-11D3-BF4B-00C04F79EFBC}") = "IstioDemoDotNet", "src\IstioDemoDotNet\IstioDemoDotNet.csproj", "{ABFED46D-4418-453C-8B33-60DDD03B913D}"
EndProject
Project("{FAE04EC0-301F-11D3-BF4B-00C04F79EFBC}") = "IstioDemoDotNet.Tests.Integration", "src\IstioDemoDotNet.Tests.Integration\IstioDemoDotNet.Tests.Integration.csproj", "{D4B2F6E7-20A8-4561-A75C-28FC5C6EAFC8}"
EndProject
Global
	GlobalSection(SolutionConfigurationPlatforms) = preSolution
		Debug|Any CPU = Debug|Any CPU
		Debug|x64 = Debug|x64
		Debug|x86 = Debug|x86
		Release|Any CPU = Release|Any CPU
		Release|x64 = Release|x64
		Release|x86 = Release|x86
	EndGlobalSection
	GlobalSection(SolutionProperties) = preSolution
		HideSolutionNode = FALSE
	EndGlobalSection
	GlobalSection(ProjectConfigurationPlatforms) = postSolution
		{ABFED46D-4418-453C-8B33-60DDD03B913D}.Debug|Any CPU.ActiveCfg = Debug|Any CPU
		{ABFED46D-4418-453C-8B33-60DDD03B913D}.Debug|Any CPU.Build.0 = Debug|Any CPU
		{ABFED46D-4418-453C-8B33-60DDD03B913D}.Debug|x64.ActiveCfg = Debug|Any CPU
		{ABFED46D-4418-453C-8B33-60DDD03B913D}.Debug|x64.Build.0 = Debug|Any CPU
		{ABFED46D-4418-453C-8B33-60DDD03B913D}.Debug|x86.ActiveCfg = Debug|Any CPU
		{ABFED46D-4418-453C-8B33-60DDD03B913D}.Debug|x86.Build.0 = Debug|Any CPU
		{ABFED46D-4418-453C-8B33-60DDD03B913D}.Release|Any CPU.ActiveCfg = Release|Any CPU
		{ABFED46D-4418-453C-8B33-60DDD03B913D}.Release|Any CPU.Build.0 = Release|Any CPU
		{ABFED46D-4418-453C-8B33-60DDD03B913D}.Release|x64.ActiveCfg = Release|Any CPU
		{ABFED46D-4418-453C-8B33-60DDD03B913D}.Release|x64.Build.0 = Release|Any CPU
		{ABFED46D-4418-453C-8B33-60DDD03B913D}.Release|x86.ActiveCfg = Release|Any CPU
		{ABFED46D-4418-453C-8B33-60DDD03B913D}.Release|x86.Build.0 = Release|Any CPU
		{D4B2F6E7-20A8-4561-A75C-28FC5C6EAFC8}.Debug|Any CPU.ActiveCfg = Debug|Any CPU
		{D4B2F6E7-20A8-4561-A75C-28FC5C6EAFC8}.Debug|Any CPU.Build.0 = Debug|Any CPU
		{D4B2F6E7-20A8-4561-A75C-28FC5C6EAFC8}.Debug|x64.ActiveCfg = Debug|Any CPU
		{D4B2F6E7-20A8-4561-A75C-28FC5C6EAFC8}.Debug|x64.Build.0 = Debug|Any CPU
		{D4B2F6E7-20A8-4561-A75C-28FC5C6EAFC8}.Debug|x86.ActiveCfg = Debug|Any CPU
		{D4B2F6E7-20A8-4561-A75C-28FC5C6EAFC8}.Debug|x86.Build.0 = Debug|Any CPU
		{D4B2F6E7-20A8-4561-A75C-28FC5C6EAFC8}.Release|Any CPU.ActiveCfg = Release|Any CPU
		{D4B2F6E7-20A8-4561-A75C-28FC5C6EAFC8}.Release|Any CPU.Build.0 = Release|Any CPU
		{D4B2F6E7-20A8-4561-A75C-28FC5C6EAFC8}.Release|x64.ActiveCfg = Release|Any CPU
		{D4B2F6E7-20A8-4561-A75C-28FC5C6EAFC8}.Release|x64.Build.0 = Release|Any CPU
		{D4B2F6E7-20A8-4561-A75C-28FC5C6EAFC8}.Release|x86.ActiveCfg = Release|Any CPU
		{D4B2F6E7-20A8-4561-A75C-28FC5C6EAFC8}.Release|x86.Build.0 = Release|Any CPU
	EndGlobalSection
	GlobalSection(NestedProjects) = preSolution
		{ABFED46D-4418-453C-8B33-60DDD03B913D} = {041609DC-995A-4A43-85B3-FADDC04F2806}
		{D4B2F6E7-20A8-4561-A75C-28FC5C6EAFC8} = {041609DC-995A-4A43-85B3-FADDC04F2806}
	EndGlobalSection
EndGlobal
